
Microsoft Visual Studio Solution File, Format Version 12.00
# Visual Studio 15
VisualStudioVersion = 15.0.26730.8
MinimumVisualStudioVersion = 10.0.40219.1
Project("{8BC9CEB8-8B4A-11D0-8D11-00A0C91BC942}") = "Book Catalog", "Book Catalog\Book Catalog.vcxproj", "{778258D5-129A-4692-86B2-36C73B4C9BFF}"
EndProject
Global
	GlobalSection(SolutionConfigurationPlatforms) = preSolution
		Debug|x64 = Debug|x64
		Debug|x86 = Debug|x86
		Release|x64 = Release|x64
		Release|x86 = Release|x86
	EndGlobalSection
	GlobalSection(ProjectConfigurationPlatforms) = postSolution
		{778258D5-129A-4692-86B2-36C73B4C9BFF}.Debug|x64.ActiveCfg = Debug|x64
		{778258D5-129A-4692-86B2-36C73B4C9BFF}.Debug|x64.Build.0 = Debug|x64
		{778258D5-129A-4692-86B2-36C73B4C9BFF}.Debug|x86.ActiveCfg = Debug|Win32
		{778258D5-129A-4692-86B2-36C73B4C9BFF}.Debug|x86.Build.0 = Debug|Win32
		{778258D5-129A-4692-86B2-36C73B4C9BFF}.Release|x64.ActiveCfg = Release|x64
		{778258D5-129A-4692-86B2-36C73B4C9BFF}.Release|x64.Build.0 = Release|x64
		{778258D5-129A-4692-86B2-36C73B4C9BFF}.Release|x86.ActiveCfg = Release|Win32
		{778258D5-129A-4692-86B2-36C73B4C9BFF}.Release|x86.Build.0 = Release|Win32
	EndGlobalSection
	GlobalSection(SolutionProperties) = preSolution
		HideSolutionNode = FALSE
	EndGlobalSection
	GlobalSection(ExtensibilityGlobals) = postSolution
		SolutionGuid = {7C4D6D13-03AC-4FAA-964A-54DB9495053E}
	EndGlobalSection
EndGlobal
